// !$*UTF8*$!
{
	archiveVersion = 1;
	classes = {
	};
	objectVersion = 50;
	objects = {

/* Begin PBXBuildFile section */
		35AFC121233D895A00FAFACA /* AppDelegate.swift in Sources */ = {isa = PBXBuildFile; fileRef = 35AFC120233D895A00FAFACA /* AppDelegate.swift */; };
		35AFC123233D895A00FAFACA /* SceneDelegate.swift in Sources */ = {isa = PBXBuildFile; fileRef = 35AFC122233D895A00FAFACA /* SceneDelegate.swift */; };
		35AFC125233D895A00FAFACA /* ViewController.swift in Sources */ = {isa = PBXBuildFile; fileRef = 35AFC124233D895A00FAFACA /* ViewController.swift */; };
		35AFC128233D895A00FAFACA /* Main.storyboard in Resources */ = {isa = PBXBuildFile; fileRef = 35AFC126233D895A00FAFACA /* Main.storyboard */; };
		35AFC12A233D895C00FAFACA /* Assets.xcassets in Resources */ = {isa = PBXBuildFile; fileRef = 35AFC129233D895C00FAFACA /* Assets.xcassets */; };
		35AFC12D233D895C00FAFACA /* LaunchScreen.storyboard in Resources */ = {isa = PBXBuildFile; fileRef = 35AFC12B233D895C00FAFACA /* LaunchScreen.storyboard */; };
		35AFC13A233D898800FAFACA /* Interface.storyboard in Resources */ = {isa = PBXBuildFile; fileRef = 35AFC138233D898800FAFACA /* Interface.storyboard */; };
		35AFC13C233D898900FAFACA /* Assets.xcassets in Resources */ = {isa = PBXBuildFile; fileRef = 35AFC13B233D898900FAFACA /* Assets.xcassets */; };
		35AFC143233D898900FAFACA /* Companion Extension.appex in Embed App Extensions */ = {isa = PBXBuildFile; fileRef = 35AFC142233D898900FAFACA /* Companion Extension.appex */; settings = {ATTRIBUTES = (RemoveHeadersOnCopy, ); }; };
		35AFC148233D898900FAFACA /* InterfaceController.swift in Sources */ = {isa = PBXBuildFile; fileRef = 35AFC147233D898900FAFACA /* InterfaceController.swift */; };
		35AFC14A233D898900FAFACA /* ExtensionDelegate.swift in Sources */ = {isa = PBXBuildFile; fileRef = 35AFC149233D898900FAFACA /* ExtensionDelegate.swift */; };
		35AFC14C233D898A00FAFACA /* Assets.xcassets in Resources */ = {isa = PBXBuildFile; fileRef = 35AFC14B233D898A00FAFACA /* Assets.xcassets */; };
		35AFC150233D898A00FAFACA /* Companion.app in Embed Watch Content */ = {isa = PBXBuildFile; fileRef = 35AFC136233D898800FAFACA /* Companion.app */; settings = {ATTRIBUTES = (RemoveHeadersOnCopy, ); }; };
		35AFC15B233D8C7B00FAFACA /* CLAuthorizationStatus+DisplayString.swift in Sources */ = {isa = PBXBuildFile; fileRef = 35AFC15A233D8C7B00FAFACA /* CLAuthorizationStatus+DisplayString.swift */; };
		35AFC15C233D8C8C00FAFACA /* CLAuthorizationStatus+DisplayString.swift in Sources */ = {isa = PBXBuildFile; fileRef = 35AFC15A233D8C7B00FAFACA /* CLAuthorizationStatus+DisplayString.swift */; };
		35AFC15F233D8E1200FAFACA /* MapKit.framework in Frameworks */ = {isa = PBXBuildFile; fileRef = 35AFC15E233D8E1200FAFACA /* MapKit.framework */; };
/* End PBXBuildFile section */

/* Begin PBXContainerItemProxy section */
		35AFC144233D898900FAFACA /* PBXContainerItemProxy */ = {
			isa = PBXContainerItemProxy;
			containerPortal = 35AFC115233D895A00FAFACA /* Project object */;
			proxyType = 1;
			remoteGlobalIDString = 35AFC141233D898900FAFACA;
			remoteInfo = "Companion Extension";
		};
		35AFC14E233D898A00FAFACA /* PBXContainerItemProxy */ = {
			isa = PBXContainerItemProxy;
			containerPortal = 35AFC115233D895A00FAFACA /* Project object */;
			proxyType = 1;
			remoteGlobalIDString = 35AFC135233D898800FAFACA;
			remoteInfo = Companion;
		};
/* End PBXContainerItemProxy section */

/* Begin PBXCopyFilesBuildPhase section */
		35AFC154233D898A00FAFACA /* Embed App Extensions */ = {
			isa = PBXCopyFilesBuildPhase;
			buildActionMask = 2147483647;
			dstPath = "";
			dstSubfolderSpec = 13;
			files = (
				35AFC143233D898900FAFACA /* Companion Extension.appex in Embed App Extensions */,
			);
			name = "Embed App Extensions";
			runOnlyForDeploymentPostprocessing = 0;
		};
		35AFC158233D898A00FAFACA /* Embed Watch Content */ = {
			isa = PBXCopyFilesBuildPhase;
			buildActionMask = 2147483647;
			dstPath = "$(CONTENTS_FOLDER_PATH)/Watch";
			dstSubfolderSpec = 16;
			files = (
				35AFC150233D898A00FAFACA /* Companion.app in Embed Watch Content */,
			);
			name = "Embed Watch Content";
			runOnlyForDeploymentPostprocessing = 0;
		};
/* End PBXCopyFilesBuildPhase section */

/* Begin PBXFileReference section */
		35AFC11D233D895A00FAFACA /* LocationApprovalTester.app */ = {isa = PBXFileReference; explicitFileType = wrapper.application; includeInIndex = 0; path = LocationApprovalTester.app; sourceTree = BUILT_PRODUCTS_DIR; };
		35AFC120233D895A00FAFACA /* AppDelegate.swift */ = {isa = PBXFileReference; lastKnownFileType = sourcecode.swift; path = AppDelegate.swift; sourceTree = "<group>"; };
		35AFC122233D895A00FAFACA /* SceneDelegate.swift */ = {isa = PBXFileReference; lastKnownFileType = sourcecode.swift; path = SceneDelegate.swift; sourceTree = "<group>"; };
		35AFC124233D895A00FAFACA /* ViewController.swift */ = {isa = PBXFileReference; lastKnownFileType = sourcecode.swift; path = ViewController.swift; sourceTree = "<group>"; };
		35AFC127233D895A00FAFACA /* Base */ = {isa = PBXFileReference; lastKnownFileType = file.storyboard; name = Base; path = Base.lproj/Main.storyboard; sourceTree = "<group>"; };
		35AFC129233D895C00FAFACA /* Assets.xcassets */ = {isa = PBXFileReference; lastKnownFileType = folder.assetcatalog; path = Assets.xcassets; sourceTree = "<group>"; };
		35AFC12C233D895C00FAFACA /* Base */ = {isa = PBXFileReference; lastKnownFileType = file.storyboard; name = Base; path = Base.lproj/LaunchScreen.storyboard; sourceTree = "<group>"; };
		35AFC12E233D895C00FAFACA /* Info.plist */ = {isa = PBXFileReference; lastKnownFileType = text.plist.xml; path = Info.plist; sourceTree = "<group>"; };
		35AFC136233D898800FAFACA /* Companion.app */ = {isa = PBXFileReference; explicitFileType = wrapper.application; includeInIndex = 0; path = Companion.app; sourceTree = BUILT_PRODUCTS_DIR; };
		35AFC139233D898800FAFACA /* Base */ = {isa = PBXFileReference; lastKnownFileType = file.storyboard; name = Base; path = Base.lproj/Interface.storyboard; sourceTree = "<group>"; };
		35AFC13B233D898900FAFACA /* Assets.xcassets */ = {isa = PBXFileReference; lastKnownFileType = folder.assetcatalog; path = Assets.xcassets; sourceTree = "<group>"; };
		35AFC13D233D898900FAFACA /* Info.plist */ = {isa = PBXFileReference; lastKnownFileType = text.plist.xml; path = Info.plist; sourceTree = "<group>"; };
		35AFC142233D898900FAFACA /* Companion Extension.appex */ = {isa = PBXFileReference; explicitFileType = "wrapper.app-extension"; includeInIndex = 0; path = "Companion Extension.appex"; sourceTree = BUILT_PRODUCTS_DIR; };
		35AFC147233D898900FAFACA /* InterfaceController.swift */ = {isa = PBXFileReference; lastKnownFileType = sourcecode.swift; path = InterfaceController.swift; sourceTree = "<group>"; };
		35AFC149233D898900FAFACA /* ExtensionDelegate.swift */ = {isa = PBXFileReference; lastKnownFileType = sourcecode.swift; path = ExtensionDelegate.swift; sourceTree = "<group>"; };
		35AFC14B233D898A00FAFACA /* Assets.xcassets */ = {isa = PBXFileReference; lastKnownFileType = folder.assetcatalog; path = Assets.xcassets; sourceTree = "<group>"; };
		35AFC14D233D898A00FAFACA /* Info.plist */ = {isa = PBXFileReference; lastKnownFileType = text.plist.xml; path = Info.plist; sourceTree = "<group>"; };
		35AFC15A233D8C7B00FAFACA /* CLAuthorizationStatus+DisplayString.swift */ = {isa = PBXFileReference; lastKnownFileType = sourcecode.swift; path = "CLAuthorizationStatus+DisplayString.swift"; sourceTree = "<group>"; };
		35AFC15E233D8E1200FAFACA /* MapKit.framework */ = {isa = PBXFileReference; lastKnownFileType = wrapper.framework; name = MapKit.framework; path = System/Library/Frameworks/MapKit.framework; sourceTree = SDKROOT; };
/* End PBXFileReference section */

/* Begin PBXFrameworksBuildPhase section */
		35AFC11A233D895A00FAFACA /* Frameworks */ = {
			isa = PBXFrameworksBuildPhase;
			buildActionMask = 2147483647;
			files = (
				35AFC15F233D8E1200FAFACA /* MapKit.framework in Frameworks */,
			);
			runOnlyForDeploymentPostprocessing = 0;
		};
		35AFC13F233D898900FAFACA /* Frameworks */ = {
			isa = PBXFrameworksBuildPhase;
			buildActionMask = 2147483647;
			files = (
			);
			runOnlyForDeploymentPostprocessing = 0;
		};
/* End PBXFrameworksBuildPhase section */

/* Begin PBXGroup section */
		35AFC114233D895A00FAFACA = {
			isa = PBXGroup;
			children = (
				35AFC159233D8C6600FAFACA /* Shared */,
				35AFC11F233D895A00FAFACA /* LocationApprovalTester */,
				35AFC137233D898800FAFACA /* Companion */,
				35AFC146233D898900FAFACA /* Companion Extension */,
				35AFC11E233D895A00FAFACA /* Products */,
				35AFC15D233D8E1200FAFACA /* Frameworks */,
			);
			sourceTree = "<group>";
		};
		35AFC11E233D895A00FAFACA /* Products */ = {
			isa = PBXGroup;
			children = (
				35AFC11D233D895A00FAFACA /* LocationApprovalTester.app */,
				35AFC136233D898800FAFACA /* Companion.app */,
				35AFC142233D898900FAFACA /* Companion Extension.appex */,
			);
			name = Products;
			sourceTree = "<group>";
		};
		35AFC11F233D895A00FAFACA /* LocationApprovalTester */ = {
			isa = PBXGroup;
			children = (
				35AFC120233D895A00FAFACA /* AppDelegate.swift */,
				35AFC122233D895A00FAFACA /* SceneDelegate.swift */,
				35AFC124233D895A00FAFACA /* ViewController.swift */,
				35AFC126233D895A00FAFACA /* Main.storyboard */,
				35AFC129233D895C00FAFACA /* Assets.xcassets */,
				35AFC12B233D895C00FAFACA /* LaunchScreen.storyboard */,
				35AFC12E233D895C00FAFACA /* Info.plist */,
			);
			path = LocationApprovalTester;
			sourceTree = "<group>";
		};
		35AFC137233D898800FAFACA /* Companion */ = {
			isa = PBXGroup;
			children = (
				35AFC138233D898800FAFACA /* Interface.storyboard */,
				35AFC13B233D898900FAFACA /* Assets.xcassets */,
				35AFC13D233D898900FAFACA /* Info.plist */,
			);
			path = Companion;
			sourceTree = "<group>";
		};
		35AFC146233D898900FAFACA /* Companion Extension */ = {
			isa = PBXGroup;
			children = (
				35AFC147233D898900FAFACA /* InterfaceController.swift */,
				35AFC149233D898900FAFACA /* ExtensionDelegate.swift */,
				35AFC14B233D898A00FAFACA /* Assets.xcassets */,
				35AFC14D233D898A00FAFACA /* Info.plist */,
			);
			path = "Companion Extension";
			sourceTree = "<group>";
		};
		35AFC159233D8C6600FAFACA /* Shared */ = {
			isa = PBXGroup;
			children = (
				35AFC15A233D8C7B00FAFACA /* CLAuthorizationStatus+DisplayString.swift */,
			);
			path = Shared;
			sourceTree = "<group>";
		};
		35AFC15D233D8E1200FAFACA /* Frameworks */ = {
			isa = PBXGroup;
			children = (
				35AFC15E233D8E1200FAFACA /* MapKit.framework */,
			);
			name = Frameworks;
			sourceTree = "<group>";
		};
/* End PBXGroup section */

/* Begin PBXNativeTarget section */
		35AFC11C233D895A00FAFACA /* LocationApprovalTester */ = {
			isa = PBXNativeTarget;
			buildConfigurationList = 35AFC131233D895C00FAFACA /* Build configuration list for PBXNativeTarget "LocationApprovalTester" */;
			buildPhases = (
				35AFC119233D895A00FAFACA /* Sources */,
				35AFC11A233D895A00FAFACA /* Frameworks */,
				35AFC11B233D895A00FAFACA /* Resources */,
				35AFC158233D898A00FAFACA /* Embed Watch Content */,
			);
			buildRules = (
			);
			dependencies = (
				35AFC14F233D898A00FAFACA /* PBXTargetDependency */,
			);
			name = LocationApprovalTester;
			productName = LocationApprovalTester;
			productReference = 35AFC11D233D895A00FAFACA /* LocationApprovalTester.app */;
			productType = "com.apple.product-type.application";
		};
		35AFC135233D898800FAFACA /* Companion */ = {
			isa = PBXNativeTarget;
			buildConfigurationList = 35AFC155233D898A00FAFACA /* Build configuration list for PBXNativeTarget "Companion" */;
			buildPhases = (
				35AFC134233D898800FAFACA /* Resources */,
				35AFC154233D898A00FAFACA /* Embed App Extensions */,
			);
			buildRules = (
			);
			dependencies = (
				35AFC145233D898900FAFACA /* PBXTargetDependency */,
			);
			name = Companion;
			productName = Companion;
			productReference = 35AFC136233D898800FAFACA /* Companion.app */;
			productType = "com.apple.product-type.application.watchapp2";
		};
		35AFC141233D898900FAFACA /* Companion Extension */ = {
			isa = PBXNativeTarget;
			buildConfigurationList = 35AFC151233D898A00FAFACA /* Build configuration list for PBXNativeTarget "Companion Extension" */;
			buildPhases = (
				35AFC13E233D898900FAFACA /* Sources */,
				35AFC13F233D898900FAFACA /* Frameworks */,
				35AFC140233D898900FAFACA /* Resources */,
			);
			buildRules = (
			);
			dependencies = (
			);
			name = "Companion Extension";
			productName = "Companion Extension";
			productReference = 35AFC142233D898900FAFACA /* Companion Extension.appex */;
			productType = "com.apple.product-type.watchkit2-extension";
		};
/* End PBXNativeTarget section */

/* Begin PBXProject section */
		35AFC115233D895A00FAFACA /* Project object */ = {
			isa = PBXProject;
			attributes = {
				LastSwiftUpdateCheck = 1100;
				LastUpgradeCheck = 1100;
				ORGANIZATIONNAME = Strava;
				TargetAttributes = {
					35AFC11C233D895A00FAFACA = {
						CreatedOnToolsVersion = 11.0;
					};
					35AFC135233D898800FAFACA = {
						CreatedOnToolsVersion = 11.0;
					};
					35AFC141233D898900FAFACA = {
						CreatedOnToolsVersion = 11.0;
					};
				};
			};
			buildConfigurationList = 35AFC118233D895A00FAFACA /* Build configuration list for PBXProject "LocationApprovalTester" */;
			compatibilityVersion = "Xcode 9.3";
			developmentRegion = en;
			hasScannedForEncodings = 0;
			knownRegions = (
				en,
				Base,
			);
			mainGroup = 35AFC114233D895A00FAFACA;
			productRefGroup = 35AFC11E233D895A00FAFACA /* Products */;
			projectDirPath = "";
			projectRoot = "";
			targets = (
				35AFC11C233D895A00FAFACA /* LocationApprovalTester */,
				35AFC135233D898800FAFACA /* Companion */,
				35AFC141233D898900FAFACA /* Companion Extension */,
			);
		};
/* End PBXProject section */

/* Begin PBXResourcesBuildPhase section */
		35AFC11B233D895A00FAFACA /* Resources */ = {
			isa = PBXResourcesBuildPhase;
			buildActionMask = 2147483647;
			files = (
				35AFC12D233D895C00FAFACA /* LaunchScreen.storyboard in Resources */,
				35AFC12A233D895C00FAFACA /* Assets.xcassets in Resources */,
				35AFC128233D895A00FAFACA /* Main.storyboard in Resources */,
			);
			runOnlyForDeploymentPostprocessing = 0;
		};
		35AFC134233D898800FAFACA /* Resources */ = {
			isa = PBXResourcesBuildPhase;
			buildActionMask = 2147483647;
			files = (
				35AFC13C233D898900FAFACA /* Assets.xcassets in Resources */,
				35AFC13A233D898800FAFACA /* Interface.storyboard in Resources */,
			);
			runOnlyForDeploymentPostprocessing = 0;
		};
		35AFC140233D898900FAFACA /* Resources */ = {
			isa = PBXResourcesBuildPhase;
			buildActionMask = 2147483647;
			files = (
				35AFC14C233D898A00FAFACA /* Assets.xcassets in Resources */,
			);
			runOnlyForDeploymentPostprocessing = 0;
		};
/* End PBXResourcesBuildPhase section */

/* Begin PBXSourcesBuildPhase section */
		35AFC119233D895A00FAFACA /* Sources */ = {
			isa = PBXSourcesBuildPhase;
			buildActionMask = 2147483647;
			files = (
				35AFC15B233D8C7B00FAFACA /* CLAuthorizationStatus+DisplayString.swift in Sources */,
				35AFC125233D895A00FAFACA /* ViewController.swift in Sources */,
				35AFC121233D895A00FAFACA /* AppDelegate.swift in Sources */,
				35AFC123233D895A00FAFACA /* SceneDelegate.swift in Sources */,
			);
			runOnlyForDeploymentPostprocessing = 0;
		};
		35AFC13E233D898900FAFACA /* Sources */ = {
			isa = PBXSourcesBuildPhase;
			buildActionMask = 2147483647;
			files = (
				35AFC15C233D8C8C00FAFACA /* CLAuthorizationStatus+DisplayString.swift in Sources */,
				35AFC14A233D898900FAFACA /* ExtensionDelegate.swift in Sources */,
				35AFC148233D898900FAFACA /* InterfaceController.swift in Sources */,
			);
			runOnlyForDeploymentPostprocessing = 0;
		};
/* End PBXSourcesBuildPhase section */

/* Begin PBXTargetDependency section */
		35AFC145233D898900FAFACA /* PBXTargetDependency */ = {
			isa = PBXTargetDependency;
			target = 35AFC141233D898900FAFACA /* Companion Extension */;
			targetProxy = 35AFC144233D898900FAFACA /* PBXContainerItemProxy */;
		};
		35AFC14F233D898A00FAFACA /* PBXTargetDependency */ = {
			isa = PBXTargetDependency;
			target = 35AFC135233D898800FAFACA /* Companion */;
			targetProxy = 35AFC14E233D898A00FAFACA /* PBXContainerItemProxy */;
		};
/* End PBXTargetDependency section */

/* Begin PBXVariantGroup section */
		35AFC126233D895A00FAFACA /* Main.storyboard */ = {
			isa = PBXVariantGroup;
			children = (
				35AFC127233D895A00FAFACA /* Base */,
			);
			name = Main.storyboard;
			sourceTree = "<group>";
		};
		35AFC12B233D895C00FAFACA /* LaunchScreen.storyboard */ = {
			isa = PBXVariantGroup;
			children = (
				35AFC12C233D895C00FAFACA /* Base */,
			);
			name = LaunchScreen.storyboard;
			sourceTree = "<group>";
		};
		35AFC138233D898800FAFACA /* Interface.storyboard */ = {
			isa = PBXVariantGroup;
			children = (
				35AFC139233D898800FAFACA /* Base */,
			);
			name = Interface.storyboard;
			sourceTree = "<group>";
		};
/* End PBXVariantGroup section */

/* Begin XCBuildConfiguration section */
		35AFC12F233D895C00FAFACA /* Debug */ = {
			isa = XCBuildConfiguration;
			buildSettings = {
				ALWAYS_SEARCH_USER_PATHS = NO;
				CLANG_ANALYZER_NONNULL = YES;
				CLANG_ANALYZER_NUMBER_OBJECT_CONVERSION = YES_AGGRESSIVE;
				CLANG_CXX_LANGUAGE_STANDARD = "gnu++14";
				CLANG_CXX_LIBRARY = "libc++";
				CLANG_ENABLE_MODULES = YES;
				CLANG_ENABLE_OBJC_ARC = YES;
				CLANG_ENABLE_OBJC_WEAK = YES;
				CLANG_WARN_BLOCK_CAPTURE_AUTORELEASING = YES;
				CLANG_WARN_BOOL_CONVERSION = YES;
				CLANG_WARN_COMMA = YES;
				CLANG_WARN_CONSTANT_CONVERSION = YES;
				CLANG_WARN_DEPRECATED_OBJC_IMPLEMENTATIONS = YES;
				CLANG_WARN_DIRECT_OBJC_ISA_USAGE = YES_ERROR;
				CLANG_WARN_DOCUMENTATION_COMMENTS = YES;
				CLANG_WARN_EMPTY_BODY = YES;
				CLANG_WARN_ENUM_CONVERSION = YES;
				CLANG_WARN_INFINITE_RECURSION = YES;
				CLANG_WARN_INT_CONVERSION = YES;
				CLANG_WARN_NON_LITERAL_NULL_CONVERSION = YES;
				CLANG_WARN_OBJC_IMPLICIT_RETAIN_SELF = YES;
				CLANG_WARN_OBJC_LITERAL_CONVERSION = YES;
				CLANG_WARN_OBJC_ROOT_CLASS = YES_ERROR;
				CLANG_WARN_RANGE_LOOP_ANALYSIS = YES;
				CLANG_WARN_STRICT_PROTOTYPES = YES;
				CLANG_WARN_SUSPICIOUS_MOVE = YES;
				CLANG_WARN_UNGUARDED_AVAILABILITY = YES_AGGRESSIVE;
				CLANG_WARN_UNREACHABLE_CODE = YES;
				CLANG_WARN__DUPLICATE_METHOD_MATCH = YES;
				COPY_PHASE_STRIP = NO;
				DEBUG_INFORMATION_FORMAT = dwarf;
				ENABLE_STRICT_OBJC_MSGSEND = YES;
				ENABLE_TESTABILITY = YES;
				GCC_C_LANGUAGE_STANDARD = gnu11;
				GCC_DYNAMIC_NO_PIC = NO;
				GCC_NO_COMMON_BLOCKS = YES;
				GCC_OPTIMIZATION_LEVEL = 0;
				GCC_PREPROCESSOR_DEFINITIONS = (
					"DEBUG=1",
					"$(inherited)",
				);
				GCC_WARN_64_TO_32_BIT_CONVERSION = YES;
				GCC_WARN_ABOUT_RETURN_TYPE = YES_ERROR;
				GCC_WARN_UNDECLARED_SELECTOR = YES;
				GCC_WARN_UNINITIALIZED_AUTOS = YES_AGGRESSIVE;
				GCC_WARN_UNUSED_FUNCTION = YES;
				GCC_WARN_UNUSED_VARIABLE = YES;
				IPHONEOS_DEPLOYMENT_TARGET = 13.0;
				MTL_ENABLE_DEBUG_INFO = INCLUDE_SOURCE;
				MTL_FAST_MATH = YES;
				ONLY_ACTIVE_ARCH = YES;
				SDKROOT = iphoneos;
				SWIFT_ACTIVE_COMPILATION_CONDITIONS = DEBUG;
				SWIFT_OPTIMIZATION_LEVEL = "-Onone";
			};
			name = Debug;
		};
		35AFC130233D895C00FAFACA /* Release */ = {
			isa = XCBuildConfiguration;
			buildSettings = {
				ALWAYS_SEARCH_USER_PATHS = NO;
				CLANG_ANALYZER_NONNULL = YES;
				CLANG_ANALYZER_NUMBER_OBJECT_CONVERSION = YES_AGGRESSIVE;
				CLANG_CXX_LANGUAGE_STANDARD = "gnu++14";
				CLANG_CXX_LIBRARY = "libc++";
				CLANG_ENABLE_MODULES = YES;
				CLANG_ENABLE_OBJC_ARC = YES;
				CLANG_ENABLE_OBJC_WEAK = YES;
				CLANG_WARN_BLOCK_CAPTURE_AUTORELEASING = YES;
				CLANG_WARN_BOOL_CONVERSION = YES;
				CLANG_WARN_COMMA = YES;
				CLANG_WARN_CONSTANT_CONVERSION = YES;
				CLANG_WARN_DEPRECATED_OBJC_IMPLEMENTATIONS = YES;
				CLANG_WARN_DIRECT_OBJC_ISA_USAGE = YES_ERROR;
				CLANG_WARN_DOCUMENTATION_COMMENTS = YES;
				CLANG_WARN_EMPTY_BODY = YES;
				CLANG_WARN_ENUM_CONVERSION = YES;
				CLANG_WARN_INFINITE_RECURSION = YES;
				CLANG_WARN_INT_CONVERSION = YES;
				CLANG_WARN_NON_LITERAL_NULL_CONVERSION = YES;
				CLANG_WARN_OBJC_IMPLICIT_RETAIN_SELF = YES;
				CLANG_WARN_OBJC_LITERAL_CONVERSION = YES;
				CLANG_WARN_OBJC_ROOT_CLASS = YES_ERROR;
				CLANG_WARN_RANGE_LOOP_ANALYSIS = YES;
				CLANG_WARN_STRICT_PROTOTYPES = YES;
				CLANG_WARN_SUSPICIOUS_MOVE = YES;
				CLANG_WARN_UNGUARDED_AVAILABILITY = YES_AGGRESSIVE;
				CLANG_WARN_UNREACHABLE_CODE = YES;
				CLANG_WARN__DUPLICATE_METHOD_MATCH = YES;
				COPY_PHASE_STRIP = NO;
				DEBUG_INFORMATION_FORMAT = "dwarf-with-dsym";
				ENABLE_NS_ASSERTIONS = NO;
				ENABLE_STRICT_OBJC_MSGSEND = YES;
				GCC_C_LANGUAGE_STANDARD = gnu11;
				GCC_NO_COMMON_BLOCKS = YES;
				GCC_WARN_64_TO_32_BIT_CONVERSION = YES;
				GCC_WARN_ABOUT_RETURN_TYPE = YES_ERROR;
				GCC_WARN_UNDECLARED_SELECTOR = YES;
				GCC_WARN_UNINITIALIZED_AUTOS = YES_AGGRESSIVE;
				GCC_WARN_UNUSED_FUNCTION = YES;
				GCC_WARN_UNUSED_VARIABLE = YES;
				IPHONEOS_DEPLOYMENT_TARGET = 13.0;
				MTL_ENABLE_DEBUG_INFO = NO;
				MTL_FAST_MATH = YES;
				SDKROOT = iphoneos;
				SWIFT_COMPILATION_MODE = wholemodule;
				SWIFT_OPTIMIZATION_LEVEL = "-O";
				VALIDATE_PRODUCT = YES;
			};
			name = Release;
		};
		35AFC132233D895C00FAFACA /* Debug */ = {
			isa = XCBuildConfiguration;
			buildSettings = {
				ASSETCATALOG_COMPILER_APPICON_NAME = AppIcon;
				CODE_SIGN_STYLE = Automatic;
				DEVELOPMENT_TEAM = 5CR7G53RES;
				INFOPLIST_FILE = LocationApprovalTester/Info.plist;
				LD_RUNPATH_SEARCH_PATHS = (
					"$(inherited)",
					"@executable_path/Frameworks",
				);
				PRODUCT_BUNDLE_IDENTIFIER = com.strava.LocationApprovalTester;
				PRODUCT_NAME = "$(TARGET_NAME)";
				SWIFT_VERSION = 5.0;
				TARGETED_DEVICE_FAMILY = "1,2";
			};
			name = Debug;
		};
		35AFC133233D895C00FAFACA /* Release */ = {
			isa = XCBuildConfiguration;
			buildSettings = {
				ASSETCATALOG_COMPILER_APPICON_NAME = AppIcon;
				CODE_SIGN_STYLE = Automatic;
				DEVELOPMENT_TEAM = 5CR7G53RES;
				INFOPLIST_FILE = LocationApprovalTester/Info.plist;
				LD_RUNPATH_SEARCH_PATHS = (
					"$(inherited)",
					"@executable_path/Frameworks",
				);
				PRODUCT_BUNDLE_IDENTIFIER = com.strava.LocationApprovalTester;
				PRODUCT_NAME = "$(TARGET_NAME)";
				SWIFT_VERSION = 5.0;
				TARGETED_DEVICE_FAMILY = "1,2";
			};
			name = Release;
		};
		35AFC152233D898A00FAFACA /* Debug */ = {
			isa = XCBuildConfiguration;
			buildSettings = {
				ASSETCATALOG_COMPILER_COMPLICATION_NAME = Complication;
				CODE_SIGN_IDENTITY = "Apple Development";
				CODE_SIGN_STYLE = Automatic;
				DEVELOPMENT_TEAM = 5CR7G53RES;
				INFOPLIST_FILE = "Companion Extension/Info.plist";
				LD_RUNPATH_SEARCH_PATHS = (
					"$(inherited)",
					"@executable_path/Frameworks",
					"@executable_path/../../Frameworks",
				);
				PRODUCT_BUNDLE_IDENTIFIER = com.strava.LocationApprovalTester.watchkitapp.watchkitextension;
				PRODUCT_NAME = "${TARGET_NAME}";
				PROVISIONING_PROFILE_SPECIFIER = "";
				SDKROOT = watchos;
				SKIP_INSTALL = YES;
				SWIFT_VERSION = 5.0;
				TARGETED_DEVICE_FAMILY = 4;
				WATCHOS_DEPLOYMENT_TARGET = 6.0;
			};
			name = Debug;
		};
		35AFC153233D898A00FAFACA /* Release */ = {
			isa = XCBuildConfiguration;
			buildSettings = {
				ASSETCATALOG_COMPILER_COMPLICATION_NAME = Complication;
				CODE_SIGN_IDENTITY = "Apple Development";
				CODE_SIGN_STYLE = Automatic;
				DEVELOPMENT_TEAM = 5CR7G53RES;
				INFOPLIST_FILE = "Companion Extension/Info.plist";
				LD_RUNPATH_SEARCH_PATHS = (
					"$(inherited)",
					"@executable_path/Frameworks",
					"@executable_path/../../Frameworks",
				);
				PRODUCT_BUNDLE_IDENTIFIER = com.strava.LocationApprovalTester.watchkitapp.watchkitextension;
				PRODUCT_NAME = "${TARGET_NAME}";
				PROVISIONING_PROFILE_SPECIFIER = "";
				SDKROOT = watchos;
				SKIP_INSTALL = YES;
				SWIFT_VERSION = 5.0;
				TARGETED_DEVICE_FAMILY = 4;
				WATCHOS_DEPLOYMENT_TARGET = 6.0;
			};
			name = Release;
		};
		35AFC156233D898A00FAFACA /* Debug */ = {
			isa = XCBuildConfiguration;
			buildSettings = {
				ALWAYS_EMBED_SWIFT_STANDARD_LIBRARIES = YES;
				ASSETCATALOG_COMPILER_APPICON_NAME = AppIcon;
				CODE_SIGN_STYLE = Automatic;
				DEVELOPMENT_TEAM = 5CR7G53RES;
				IBSC_MODULE = Companion_Extension;
				INFOPLIST_FILE = Companion/Info.plist;
				PRODUCT_BUNDLE_IDENTIFIER = com.strava.LocationApprovalTester.watchkitapp;
				PRODUCT_NAME = "$(TARGET_NAME)";
				SDKROOT = watchos;
				SKIP_INSTALL = YES;
				SWIFT_VERSION = 5.0;
				TARGETED_DEVICE_FAMILY = 4;
				WATCHOS_DEPLOYMENT_TARGET = 6.0;
			};
			name = Debug;
		};
		35AFC157233D898A00FAFACA /* Release */ = {
			isa = XCBuildConfiguration;
			buildSettings = {
				ALWAYS_EMBED_SWIFT_STANDARD_LIBRARIES = YES;
				ASSETCATALOG_COMPILER_APPICON_NAME = AppIcon;
				CODE_SIGN_STYLE = Automatic;
				DEVELOPMENT_TEAM = 5CR7G53RES;
				IBSC_MODULE = Companion_Extension;
				INFOPLIST_FILE = Companion/Info.plist;
				PRODUCT_BUNDLE_IDENTIFIER = com.strava.LocationApprovalTester.watchkitapp;
				PRODUCT_NAME = "$(TARGET_NAME)";
				SDKROOT = watchos;
				SKIP_INSTALL = YES;
				SWIFT_VERSION = 5.0;
				TARGETED_DEVICE_FAMILY = 4;
				WATCHOS_DEPLOYMENT_TARGET = 6.0;
			};
			name = Release;
		};
/* End XCBuildConfiguration section */

/* Begin XCConfigurationList section */
		35AFC118233D895A00FAFACA /* Build configuration list for PBXProject "LocationApprovalTester" */ = {
			isa = XCConfigurationList;
			buildConfigurations = (
				35AFC12F233D895C00FAFACA /* Debug */,
				35AFC130233D895C00FAFACA /* Release */,
			);
			defaultConfigurationIsVisible = 0;
			defaultConfigurationName = Release;
		};
		35AFC131233D895C00FAFACA /* Build configuration list for PBXNativeTarget "LocationApprovalTester" */ = {
			isa = XCConfigurationList;
			buildConfigurations = (
				35AFC132233D895C00FAFACA /* Debug */,
				35AFC133233D895C00FAFACA /* Release */,
			);
			defaultConfigurationIsVisible = 0;
			defaultConfigurationName = Release;
		};
		35AFC151233D898A00FAFACA /* Build configuration list for PBXNativeTarget "Companion Extension" */ = {
			isa = XCConfigurationList;
			buildConfigurations = (
				35AFC152233D898A00FAFACA /* Debug */,
				35AFC153233D898A00FAFACA /* Release */,
			);
			defaultConfigurationIsVisible = 0;
			defaultConfigurationName = Release;
		};
		35AFC155233D898A00FAFACA /* Build configuration list for PBXNativeTarget "Companion" */ = {
			isa = XCConfigurationList;
			buildConfigurations = (
				35AFC156233D898A00FAFACA /* Debug */,
				35AFC157233D898A00FAFACA /* Release */,
			);
			defaultConfigurationIsVisible = 0;
			defaultConfigurationName = Release;
		};
/* End XCConfigurationList section */
	};
	rootObject = 35AFC115233D895A00FAFACA /* Project object */;
}
